schema: '2.0'
stages:
  prepare:
    cmd: python src/data/ingest.py
    deps:
    - path: data/raw/dataset-tickets-multi-lang-4-20k.csv
      hash: md5
      md5: b412b2d24f35d368e40fbd5d30526ea4
      size: 18799808
    - path: params.yaml
      hash: md5
      md5: 27f40388abd5f93dc1bde943b9307a57
      size: 2106
    - path: src/data/ingest.py
      hash: md5
      md5: 052e0341bc5bdb1735ae40ddc1ac92a1
      size: 4474
    - path: src/utils/params.py
      hash: md5
      md5: 968a6dd0159b3be02b2856c0bc588ef2
      size: 771
    params:
      params.yaml:
        data.language: en
        data.raw_data_file: data/raw/dataset-tickets-multi-lang-4-20k.csv
        split.random_state: 42
        split.test_size: 0.15
        split.validation_size: 0.15
    outs:
    - path: artifacts/reports/eda_report.json
      hash: md5
      md5: d70babeba39a9a082a95f23e5e5ff62c
      size: 575
    - path: data/processed/test.csv
      hash: md5
      md5: edb57a4b36e6a9c26f03cc39e11f88e5
      size: 1502187
    - path: data/processed/train.csv
      hash: md5
      md5: 2f747222ad87734a5f0ac6d7c3765995
      size: 7055493
    - path: data/processed/validation.csv
      hash: md5
      md5: 79bf27121e94d82f1a555b067040ecc7
      size: 1518325
  validate:
    cmd: python src/data/validate.py
    deps:
    - path: data/processed/test.csv
      hash: md5
      md5: edb57a4b36e6a9c26f03cc39e11f88e5
      size: 1502187
    - path: data/processed/train.csv
      hash: md5
      md5: 2f747222ad87734a5f0ac6d7c3765995
      size: 7055493
    - path: data/processed/validation.csv
      hash: md5
      md5: 79bf27121e94d82f1a555b067040ecc7
      size: 1518325
    - path: src/data/validate.py
      hash: md5
      md5: 6eb69b7c84b97c79ed857e09c0c2b528
      size: 1334
    outs:
    - path: artifacts/reports/validation_report.json
      hash: md5
      md5: 7f3901700aa1f98151815e82346988e8
      size: 926
  train:
    cmd: python src/training/train.py
    deps:
    - path: data/processed/test.csv
      hash: md5
      md5: edb57a4b36e6a9c26f03cc39e11f88e5
      size: 1502187
    - path: data/processed/train.csv
      hash: md5
      md5: 2f747222ad87734a5f0ac6d7c3765995
      size: 7055493
    - path: data/processed/validation.csv
      hash: md5
      md5: 79bf27121e94d82f1a555b067040ecc7
      size: 1518325
    - path: params.yaml
      hash: md5
      md5: 27f40388abd5f93dc1bde943b9307a57
      size: 2106
    - path: src/inference/sklearn_predictor.py
      hash: md5
      md5: 0588922b7d4ce15b9d1aabe68a591bd8
      size: 1687
    - path: src/training/train.py
      hash: md5
      md5: c47135974d78cf2b7051adbe13d6275a
      size: 14074
    - path: src/utils/params.py
      hash: md5
      md5: 968a6dd0159b3be02b2856c0bc588ef2
      size: 771
    params:
      params.yaml:
        train.candidate_configs:
        - name: word_unigram_bigram
          max_features: 30000
          ngram_range:
          - 1
          - 2
          c_value: 4.0
          stop_words: english
          min_df: 2
          sublinear_tf: false
        - name: word_unigram_bigram_high_c
          max_features: 40000
          ngram_range:
          - 1
          - 2
          c_value: 8.0
          stop_words: english
          min_df: 2
          sublinear_tf: false
        - name: word_unigram_bigram_very_high_c
          max_features: 50000
          ngram_range:
          - 1
          - 2
          c_value: 12.0
          stop_words: english
          min_df: 2
          sublinear_tf: false
        - name: word_bigram_sublinear
          max_features: 50000
          ngram_range:
          - 1
          - 2
          c_value: 6.0
          stop_words: english
          min_df: 3
          sublinear_tf: true
        - name: word_trigram
          max_features: 50000
          ngram_range:
          - 1
          - 3
          c_value: 6.0
          stop_words: english
          min_df: 2
          sublinear_tf: false
        - name: word_trigram_sublinear
          max_features: 60000
          ngram_range:
          - 1
          - 3
          c_value: 8.0
          stop_words: english
          min_df: 3
          sublinear_tf: true
        - name: word_no_stopwords
          max_features: 35000
          ngram_range:
          - 1
          - 2
          c_value: 4.0
          stop_words:
          min_df: 2
          sublinear_tf: false
        - name: word_low_min_df
          max_features: 60000
          ngram_range:
          - 1
          - 2
          c_value: 4.0
          stop_words: english
          min_df: 1
          sublinear_tf: true
        - name: char_wb_3_5
          analyzer: char_wb
          max_features: 70000
          ngram_range:
          - 3
          - 5
          c_value: 6.0
          stop_words:
          min_df: 3
          sublinear_tf: true
        - name: char_wb_4_6
          analyzer: char_wb
          max_features: 90000
          ngram_range:
          - 4
          - 6
          c_value: 8.0
          stop_words:
          min_df: 3
          sublinear_tf: true
        - name: char_wb_4_6
          analyzer: char_wb
          max_features: 90000
          ngram_range:
          - 4
          - 6
          c_value: 9.0
          stop_words:
          min_df: 3
          sublinear_tf: true
    outs:
    - path: artifacts/models/ticket_priority_sklearn.joblib
      hash: md5
      md5: 2b018a94a548764e5b160677973bd9e1
      size: 4185012
    - path: artifacts/reports/training_report.json
      hash: md5
      md5: 08d5c81f629533f6b481ad012fbc8693
      size: 7026
